
Microsoft Visual Studio Solution File, Format Version 12.00
# Visual Studio Version 17
VisualStudioVersion = 17.5.002.0
MinimumVisualStudioVersion = 10.0.40219.1
Project("{9A19103F-16F7-4668-BE54-9A1E7A4F7556}") = "Atividade1", "Atividade1.csproj", "{69B4F57D-EB2C-43E4-A141-F2EC802B2D32}"
EndProject
Global
	GlobalSection(SolutionConfigurationPlatforms) = preSolution
		Debug|Any CPU = Debug|Any CPU
		Release|Any CPU = Release|Any CPU
	EndGlobalSection
	GlobalSection(ProjectConfigurationPlatforms) = postSolution
		{69B4F57D-EB2C-43E4-A141-F2EC802B2D32}.Debug|Any CPU.ActiveCfg = Debug|Any CPU
		{69B4F57D-EB2C-43E4-A141-F2EC802B2D32}.Debug|Any CPU.Build.0 = Debug|Any CPU
		{69B4F57D-EB2C-43E4-A141-F2EC802B2D32}.Release|Any CPU.ActiveCfg = Release|Any CPU
		{69B4F57D-EB2C-43E4-A141-F2EC802B2D32}.Release|Any CPU.Build.0 = Release|Any CPU
	EndGlobalSection
	GlobalSection(SolutionProperties) = preSolution
		HideSolutionNode = FALSE
	EndGlobalSection
	GlobalSection(ExtensibilityGlobals) = postSolution
		SolutionGuid = {755B2405-0F3D-49E6-AC95-A84033D5D27B}
	EndGlobalSection
EndGlobal
